
Microsoft Visual Studio Solution File, Format Version 12.00
# Visual Studio Version 17
VisualStudioVersion = 17.8.34316.72
MinimumVisualStudioVersion = 10.0.40219.1
Project("{2150E333-8FDC-42A3-9474-1A3956D46DE8}") = "src", "src", "{E51E1D9D-77E6-46F9-8609-96EB0CC0B643}"
EndProject
Project("{9A19103F-16F7-4668-BE54-9A1E7A4F7556}") = "mymusicpol", "src\MyMusicPoL\mymusicpol.csproj", "{2ADC30D6-66F1-4CF6-A983-B08E1C2F5075}"
EndProject
Project("{FAE04EC0-301F-11D3-BF4B-00C04F79EFBC}") = "MusicBackend", "src\MusicBackend\MusicBackend.csproj", "{54D1FA98-E972-4CA4-A957-25CF2EBFA1E3}"
EndProject
Global
	GlobalSection(SolutionConfigurationPlatforms) = preSolution
		Debug|Any CPU = Debug|Any CPU
		DebugNoHwAccel|Any CPU = DebugNoHwAccel|Any CPU
		Release|Any CPU = Release|Any CPU
	EndGlobalSection
	GlobalSection(ProjectConfigurationPlatforms) = postSolution
		{2ADC30D6-66F1-4CF6-A983-B08E1C2F5075}.Debug|Any CPU.ActiveCfg = Debug|Any CPU
		{2ADC30D6-66F1-4CF6-A983-B08E1C2F5075}.Debug|Any CPU.Build.0 = Debug|Any CPU
		{2ADC30D6-66F1-4CF6-A983-B08E1C2F5075}.DebugNoHwAccel|Any CPU.ActiveCfg = DebugNoHwAccel|Any CPU
		{2ADC30D6-66F1-4CF6-A983-B08E1C2F5075}.DebugNoHwAccel|Any CPU.Build.0 = DebugNoHwAccel|Any CPU
		{2ADC30D6-66F1-4CF6-A983-B08E1C2F5075}.Release|Any CPU.ActiveCfg = Release|Any CPU
		{2ADC30D6-66F1-4CF6-A983-B08E1C2F5075}.Release|Any CPU.Build.0 = Release|Any CPU
		{54D1FA98-E972-4CA4-A957-25CF2EBFA1E3}.Debug|Any CPU.ActiveCfg = Debug|Any CPU
		{54D1FA98-E972-4CA4-A957-25CF2EBFA1E3}.Debug|Any CPU.Build.0 = Debug|Any CPU
		{54D1FA98-E972-4CA4-A957-25CF2EBFA1E3}.DebugNoHwAccel|Any CPU.ActiveCfg = DebugNoHwAccel|Any CPU
		{54D1FA98-E972-4CA4-A957-25CF2EBFA1E3}.DebugNoHwAccel|Any CPU.Build.0 = DebugNoHwAccel|Any CPU
		{54D1FA98-E972-4CA4-A957-25CF2EBFA1E3}.Release|Any CPU.ActiveCfg = Release|Any CPU
		{54D1FA98-E972-4CA4-A957-25CF2EBFA1E3}.Release|Any CPU.Build.0 = Release|Any CPU
	EndGlobalSection
	GlobalSection(SolutionProperties) = preSolution
		HideSolutionNode = FALSE
	EndGlobalSection
	GlobalSection(NestedProjects) = preSolution
		{2ADC30D6-66F1-4CF6-A983-B08E1C2F5075} = {E51E1D9D-77E6-46F9-8609-96EB0CC0B643}
		{54D1FA98-E972-4CA4-A957-25CF2EBFA1E3} = {E51E1D9D-77E6-46F9-8609-96EB0CC0B643}
	EndGlobalSection
	GlobalSection(ExtensibilityGlobals) = postSolution
		SolutionGuid = {8DEA7200-30F2-4204-8A70-5EA24C626DAA}
	EndGlobalSection
EndGlobal
