
Microsoft Visual Studio Solution File, Format Version 12.00
# Visual Studio Version 17
VisualStudioVersion = 17.8.34316.72
MinimumVisualStudioVersion = 10.0.40219.1
Project("{FAE04EC0-301F-11D3-BF4B-00C04F79EFBC}") = "mymusicpol", "mymusicpol.csproj", "{1F4CCCB0-B4E2-4351-AC1B-0CC01AE717B2}"
EndProject
Global
	GlobalSection(SolutionConfigurationPlatforms) = preSolution
		Debug|Any CPU = Debug|Any CPU
		Release|Any CPU = Release|Any CPU
	EndGlobalSection
	GlobalSection(ProjectConfigurationPlatforms) = postSolution
		{1F4CCCB0-B4E2-4351-AC1B-0CC01AE717B2}.Debug|Any CPU.ActiveCfg = Debug|Any CPU
		{1F4CCCB0-B4E2-4351-AC1B-0CC01AE717B2}.Debug|Any CPU.Build.0 = Debug|Any CPU
		{1F4CCCB0-B4E2-4351-AC1B-0CC01AE717B2}.Release|Any CPU.ActiveCfg = Release|Any CPU
		{1F4CCCB0-B4E2-4351-AC1B-0CC01AE717B2}.Release|Any CPU.Build.0 = Release|Any CPU
	EndGlobalSection
	GlobalSection(SolutionProperties) = preSolution
		HideSolutionNode = FALSE
	EndGlobalSection
	GlobalSection(ExtensibilityGlobals) = postSolution
		SolutionGuid = {8DEA7200-30F2-4204-8A70-5EA24C626DAA}
	EndGlobalSection
EndGlobal
